
Microsoft Visual Studio Solution File, Format Version 12.00
# Visual Studio Version 16
VisualStudioVersion = 16.0.30011.22
MinimumVisualStudioVersion = 10.0.40219.1
Project("{FAE04EC0-301F-11D3-BF4B-00C04F79EFBC}") = "WatchAPI", "WatchAPI\WatchAPI.csproj", "{AF8DC362-D54B-429F-B8B6-0CDCC7BEE535}"
EndProject
Global
	GlobalSection(SolutionConfigurationPlatforms) = preSolution
		Debug|Any CPU = Debug|Any CPU
		Release|Any CPU = Release|Any CPU
	EndGlobalSection
	GlobalSection(ProjectConfigurationPlatforms) = postSolution
		{AF8DC362-D54B-429F-B8B6-0CDCC7BEE535}.Debug|Any CPU.ActiveCfg = Debug|Any CPU
		{AF8DC362-D54B-429F-B8B6-0CDCC7BEE535}.Debug|Any CPU.Build.0 = Debug|Any CPU
		{AF8DC362-D54B-429F-B8B6-0CDCC7BEE535}.Release|Any CPU.ActiveCfg = Release|Any CPU
		{AF8DC362-D54B-429F-B8B6-0CDCC7BEE535}.Release|Any CPU.Build.0 = Release|Any CPU
	EndGlobalSection
	GlobalSection(SolutionProperties) = preSolution
		HideSolutionNode = FALSE
	EndGlobalSection
	GlobalSection(ExtensibilityGlobals) = postSolution
		SolutionGuid = {09D67551-6245-43A5-A27F-F2E4572FDCC8}
	EndGlobalSection
EndGlobal
